
Microsoft Visual Studio Solution File, Format Version 12.00
# Visual Studio 15
VisualStudioVersion = 15.0.28307.489
MinimumVisualStudioVersion = 10.0.40219.1
Project("{FAE04EC0-301F-11D3-BF4B-00C04F79EFBC}") = "PrallelTasking", "PrallelTasking\PrallelTasking.csproj", "{93F8140C-D908-48E3-8658-FCF78E7B2357}"
EndProject
Global
	GlobalSection(SolutionConfigurationPlatforms) = preSolution
		Debug|Any CPU = Debug|Any CPU
		Release|Any CPU = Release|Any CPU
	EndGlobalSection
	GlobalSection(ProjectConfigurationPlatforms) = postSolution
		{93F8140C-D908-48E3-8658-FCF78E7B2357}.Debug|Any CPU.ActiveCfg = Debug|Any CPU
		{93F8140C-D908-48E3-8658-FCF78E7B2357}.Debug|Any CPU.Build.0 = Debug|Any CPU
		{93F8140C-D908-48E3-8658-FCF78E7B2357}.Release|Any CPU.ActiveCfg = Release|Any CPU
		{93F8140C-D908-48E3-8658-FCF78E7B2357}.Release|Any CPU.Build.0 = Release|Any CPU
	EndGlobalSection
	GlobalSection(SolutionProperties) = preSolution
		HideSolutionNode = FALSE
	EndGlobalSection
	GlobalSection(ExtensibilityGlobals) = postSolution
		SolutionGuid = {232DB145-69A0-489B-83DD-C9EB428D0312}
	EndGlobalSection
EndGlobal
