
Microsoft Visual Studio Solution File, Format Version 12.00
# Visual Studio 15
VisualStudioVersion = 15.0.28307.489
MinimumVisualStudioVersion = 10.0.40219.1
Project("{FAE04EC0-301F-11D3-BF4B-00C04F79EFBC}") = "dataBindingMVC", "dataBindingMVC\dataBindingMVC.csproj", "{2267FFB9-F740-4E2E-8ABD-B32173842C97}"
EndProject
Global
	GlobalSection(SolutionConfigurationPlatforms) = preSolution
		Debug|Any CPU = Debug|Any CPU
		Release|Any CPU = Release|Any CPU
	EndGlobalSection
	GlobalSection(ProjectConfigurationPlatforms) = postSolution
		{2267FFB9-F740-4E2E-8ABD-B32173842C97}.Debug|Any CPU.ActiveCfg = Debug|Any CPU
		{2267FFB9-F740-4E2E-8ABD-B32173842C97}.Debug|Any CPU.Build.0 = Debug|Any CPU
		{2267FFB9-F740-4E2E-8ABD-B32173842C97}.Release|Any CPU.ActiveCfg = Release|Any CPU
		{2267FFB9-F740-4E2E-8ABD-B32173842C97}.Release|Any CPU.Build.0 = Release|Any CPU
	EndGlobalSection
	GlobalSection(SolutionProperties) = preSolution
		HideSolutionNode = FALSE
	EndGlobalSection
	GlobalSection(ExtensibilityGlobals) = postSolution
		SolutionGuid = {57EE36EA-E41B-4AC3-B11E-706F6292BA79}
	EndGlobalSection
EndGlobal
