
Microsoft Visual Studio Solution File, Format Version 12.00
# Visual Studio 15
VisualStudioVersion = 15.0.28307.489
MinimumVisualStudioVersion = 10.0.40219.1
Project("{FAE04EC0-301F-11D3-BF4B-00C04F79EFBC}") = "WebApplication5", "WebApplication5\WebApplication5.csproj", "{8F4BEA45-F79E-4B23-9652-7A62F3D50684}"
EndProject
Global
	GlobalSection(SolutionConfigurationPlatforms) = preSolution
		Debug|Any CPU = Debug|Any CPU
		Release|Any CPU = Release|Any CPU
	EndGlobalSection
	GlobalSection(ProjectConfigurationPlatforms) = postSolution
		{8F4BEA45-F79E-4B23-9652-7A62F3D50684}.Debug|Any CPU.ActiveCfg = Debug|Any CPU
		{8F4BEA45-F79E-4B23-9652-7A62F3D50684}.Debug|Any CPU.Build.0 = Debug|Any CPU
		{8F4BEA45-F79E-4B23-9652-7A62F3D50684}.Release|Any CPU.ActiveCfg = Release|Any CPU
		{8F4BEA45-F79E-4B23-9652-7A62F3D50684}.Release|Any CPU.Build.0 = Release|Any CPU
	EndGlobalSection
	GlobalSection(SolutionProperties) = preSolution
		HideSolutionNode = FALSE
	EndGlobalSection
	GlobalSection(ExtensibilityGlobals) = postSolution
		SolutionGuid = {E2A6DF15-645B-420C-ADB1-AD286C4E6092}
	EndGlobalSection
EndGlobal
