
Microsoft Visual Studio Solution File, Format Version 12.00
# Visual Studio 15
VisualStudioVersion = 15.0.28307.489
MinimumVisualStudioVersion = 10.0.40219.1
Project("{FAE04EC0-301F-11D3-BF4B-00C04F79EFBC}") = "Date formate in textbox in ASP.net MVC", "Date formate in textbox in ASP.net MVC\Date formate in textbox in ASP.net MVC.csproj", "{81E3A8B7-85E9-4525-85B6-32DC94BBD21A}"
EndProject
Global
	GlobalSection(SolutionConfigurationPlatforms) = preSolution
		Debug|Any CPU = Debug|Any CPU
		Release|Any CPU = Release|Any CPU
	EndGlobalSection
	GlobalSection(ProjectConfigurationPlatforms) = postSolution
		{81E3A8B7-85E9-4525-85B6-32DC94BBD21A}.Debug|Any CPU.ActiveCfg = Debug|Any CPU
		{81E3A8B7-85E9-4525-85B6-32DC94BBD21A}.Debug|Any CPU.Build.0 = Debug|Any CPU
		{81E3A8B7-85E9-4525-85B6-32DC94BBD21A}.Release|Any CPU.ActiveCfg = Release|Any CPU
		{81E3A8B7-85E9-4525-85B6-32DC94BBD21A}.Release|Any CPU.Build.0 = Release|Any CPU
	EndGlobalSection
	GlobalSection(SolutionProperties) = preSolution
		HideSolutionNode = FALSE
	EndGlobalSection
	GlobalSection(ExtensibilityGlobals) = postSolution
		SolutionGuid = {925978C3-E646-47B5-86D4-30CCD982B75D}
	EndGlobalSection
EndGlobal
